# This file is automatically @generated by Cargo.
# It is not intended for manual editing.
version = 3

[[package]]
name = "bitflags"
version = "2.6.0"
source = "registry+https://github.com/rust-lang/crates.io-index"
checksum = "b048fb63fd8b5923fc5aa7b340d8e156aec7ec02f0c78fa8a6ddc2613f6f71de"

[[package]]
name = "test-get-interrupts-info"
version = "0.0.0"
dependencies = [
 "wit-bindgen",
]

[[package]]
name = "wit-bindgen"
version = "0.22.0"
source = "registry+https://github.com/rust-lang/crates.io-index"
checksum = "288f992ea30e6b5c531b52cdd5f3be81c148554b09ea416f058d16556ba92c27"
dependencies = [
 "bitflags",
 "wit-bindgen-rt",
]

[[package]]
name = "wit-bindgen-rt"
version = "0.22.0"
source = "registry+https://github.com/rust-lang/crates.io-index"
checksum = "fcb8738270f32a2d6739973cbbb7c1b6dd8959ce515578a6e19165853272ee64"
